{
  "name": "meu-site-frontend",
  "version": "1.0.0",
  "lockfileVersion": 3,
  "requires": true,
  "packages": {
    "": {
      "name": "meu-site-frontend",
      "version": "1.0.0",
      "devDependencies": {
        "htmlhint": "^1.1.4"
      }
    },
    "node_modules/htmlhint": {
      "version": "1.1.4",
      "resolved": "https://registry.npmjs.org/htmlhint/-/htmlhint-1.1.4.tgz",
      "integrity": "sha512-tMkDYy8YcAlX9M5P5eH8uO6kE1eLqYYE9d2JounzQZfJOom0P0O+Ld+FR1Olv4p7ATSYzK0k+okjdtYsEKsSzw==",
      "dev": true,
      "dependencies": {
        "async": "3.2.0",
        "chalk": "4.1.0",
        "commander": "5.0.0",
        "csslint": "1.0.5",
        "glob": "7.1.6",
        "parse-glob": "3.0.4",
        "path-parse": "1.0.6",
        "request": "2.88.2",
        "strip-json-comments": "3.1.0",
        "xml": "1.0.1"
      },
      "bin": {
        "htmlhint": "bin/htmlhint"
      },
      "engines": {
        "node": ">=8.0.0"
      }
    }
  }
}
